// !$*UTF8*$!
{
	archiveVersion = 1;
	classes = {
	};
	objectVersion = 56;
	objects = {

/* Begin PBXBuildFile section */
		8E95D66A2AA74A6600D2A9C1 /* GoogleService-Info.plist in Resources */ = {isa = PBXBuildFile; fileRef = 8E95D6692AA74A6600D2A9C1 /* GoogleService-Info.plist */; };
		EB10F1E72A5D9E2C00E1F609 /* CustomClass.swift in Sources */ = {isa = PBXBuildFile; fileRef = EB10F1E62A5D9E2C00E1F609 /* CustomClass.swift */; };
		EB13336C2A543AB70072F97A /* MainViewController.swift in Sources */ = {isa = PBXBuildFile; fileRef = EB13336B2A543AB70072F97A /* MainViewController.swift */; };
		EB1333702A5441450072F97A /* SetupViewController.swift in Sources */ = {isa = PBXBuildFile; fileRef = EB13336F2A5441450072F97A /* SetupViewController.swift */; };
		EB3E03D32A43493B00A9951D /* FirebaseAnalytics in Frameworks */ = {isa = PBXBuildFile; productRef = EB3E03D22A43493B00A9951D /* FirebaseAnalytics */; };
		EB3E03D52A43493B00A9951D /* FirebaseAuth in Frameworks */ = {isa = PBXBuildFile; productRef = EB3E03D42A43493B00A9951D /* FirebaseAuth */; };
		EB3E03D72A43493B00A9951D /* FirebaseCrashlytics in Frameworks */ = {isa = PBXBuildFile; productRef = EB3E03D62A43493B00A9951D /* FirebaseCrashlytics */; };
		EB5AC90E2A61ABFD006438AE /* Extension + ViewController.swift in Sources */ = {isa = PBXBuildFile; fileRef = EB5AC90D2A61ABFD006438AE /* Extension + ViewController.swift */; };
		EB6522EC2A5D4F6F00485C58 /* UIViewController + saveLoadImage.swift in Sources */ = {isa = PBXBuildFile; fileRef = EB6522EB2A5D4F6F00485C58 /* UIViewController + saveLoadImage.swift */; };
		EB7BAC432A779E7B00224EDB /* Keys.swift in Sources */ = {isa = PBXBuildFile; fileRef = EB7BAC422A779E7B00224EDB /* Keys.swift */; };
		EB99DF2F2A3AE9F800D34147 /* AppDelegate.swift in Sources */ = {isa = PBXBuildFile; fileRef = EB99DF2E2A3AE9F800D34147 /* AppDelegate.swift */; };
		EB99DF312A3AE9F800D34147 /* SceneDelegate.swift in Sources */ = {isa = PBXBuildFile; fileRef = EB99DF302A3AE9F800D34147 /* SceneDelegate.swift */; };
		EB99DF332A3AE9F800D34147 /* GameViewController.swift in Sources */ = {isa = PBXBuildFile; fileRef = EB99DF322A3AE9F800D34147 /* GameViewController.swift */; };
		EB99DF382A3AE9F900D34147 /* Assets.xcassets in Resources */ = {isa = PBXBuildFile; fileRef = EB99DF372A3AE9F900D34147 /* Assets.xcassets */; };
		EB99DF3B2A3AE9F900D34147 /* LaunchScreen.storyboard in Resources */ = {isa = PBXBuildFile; fileRef = EB99DF392A3AE9F900D34147 /* LaunchScreen.storyboard */; };
		EB99DF452A3AF1F400D34147 /* Helper.swift in Sources */ = {isa = PBXBuildFile; fileRef = EB99DF442A3AF1F400D34147 /* Helper.swift */; };
		EB99DF932A3B562200D34147 /* Extension + UIView.swift in Sources */ = {isa = PBXBuildFile; fileRef = EB99DF922A3B562100D34147 /* Extension + UIView.swift */; };
		EBADF9E32A73AA5D00C00378 /* AlertAction.swift in Sources */ = {isa = PBXBuildFile; fileRef = EBADF9E22A73AA5D00C00378 /* AlertAction.swift */; };
		EBADF9E62A73CAD400C00378 /* Aircraft.swift in Sources */ = {isa = PBXBuildFile; fileRef = EBADF9E52A73CAD400C00378 /* Aircraft.swift */; };
		EBADF9EB2A73D6CB00C00378 /* Cloud.swift in Sources */ = {isa = PBXBuildFile; fileRef = EBADF9EA2A73D6CA00C00378 /* Cloud.swift */; };
		EBBCE7C02A5B021C0081571B /* Exstension + UserDefaults.swift in Sources */ = {isa = PBXBuildFile; fileRef = EBBCE7BF2A5B021C0081571B /* Exstension + UserDefaults.swift */; };
		EBEECD5D2A602F0000B58B20 /* RecordsViewController.swift in Sources */ = {isa = PBXBuildFile; fileRef = EBEECD5C2A602F0000B58B20 /* RecordsViewController.swift */; };
		EBEECD612A6045B400B58B20 /* CustomTableViewCell.swift in Sources */ = {isa = PBXBuildFile; fileRef = EBEECD602A6045B400B58B20 /* CustomTableViewCell.swift */; };
/* End PBXBuildFile section */

/* Begin PBXFileReference section */
		8E95D6692AA74A6600D2A9C1 /* GoogleService-Info.plist */ = {isa = PBXFileReference; fileEncoding = 4; lastKnownFileType = text.plist.xml; path = "GoogleService-Info.plist"; sourceTree = "<group>"; };
		8EA523BA2AA75E5B00B378A1 /* Info.plist */ = {isa = PBXFileReference; fileEncoding = 4; lastKnownFileType = text.plist.xml; path = Info.plist; sourceTree = "<group>"; };
		EB10F1E62A5D9E2C00E1F609 /* CustomClass.swift */ = {isa = PBXFileReference; lastKnownFileType = sourcecode.swift; path = CustomClass.swift; sourceTree = "<group>"; };
		EB13336B2A543AB70072F97A /* MainViewController.swift */ = {isa = PBXFileReference; lastKnownFileType = sourcecode.swift; path = MainViewController.swift; sourceTree = "<group>"; };
		EB13336F2A5441450072F97A /* SetupViewController.swift */ = {isa = PBXFileReference; lastKnownFileType = sourcecode.swift; path = SetupViewController.swift; sourceTree = "<group>"; };
		EB5AC90D2A61ABFD006438AE /* Extension + ViewController.swift */ = {isa = PBXFileReference; lastKnownFileType = sourcecode.swift; path = "Extension + ViewController.swift"; sourceTree = "<group>"; };
		EB6522EB2A5D4F6F00485C58 /* UIViewController + saveLoadImage.swift */ = {isa = PBXFileReference; lastKnownFileType = sourcecode.swift; path = "UIViewController + saveLoadImage.swift"; sourceTree = "<group>"; };
		EB7BAC422A779E7B00224EDB /* Keys.swift */ = {isa = PBXFileReference; lastKnownFileType = sourcecode.swift; path = Keys.swift; sourceTree = "<group>"; };
		EB99DF2B2A3AE9F800D34147 /* AliensInvasion.app */ = {isa = PBXFileReference; explicitFileType = wrapper.application; includeInIndex = 0; path = AliensInvasion.app; sourceTree = BUILT_PRODUCTS_DIR; };
		EB99DF2E2A3AE9F800D34147 /* AppDelegate.swift */ = {isa = PBXFileReference; lastKnownFileType = sourcecode.swift; path = AppDelegate.swift; sourceTree = "<group>"; };
		EB99DF302A3AE9F800D34147 /* SceneDelegate.swift */ = {isa = PBXFileReference; lastKnownFileType = sourcecode.swift; path = SceneDelegate.swift; sourceTree = "<group>"; };
		EB99DF322A3AE9F800D34147 /* GameViewController.swift */ = {isa = PBXFileReference; lastKnownFileType = sourcecode.swift; path = GameViewController.swift; sourceTree = "<group>"; };
		EB99DF372A3AE9F900D34147 /* Assets.xcassets */ = {isa = PBXFileReference; lastKnownFileType = folder.assetcatalog; path = Assets.xcassets; sourceTree = "<group>"; };
		EB99DF3A2A3AE9F900D34147 /* Base */ = {isa = PBXFileReference; lastKnownFileType = file.storyboard; name = Base; path = Base.lproj/LaunchScreen.storyboard; sourceTree = "<group>"; };
		EB99DF442A3AF1F400D34147 /* Helper.swift */ = {isa = PBXFileReference; lastKnownFileType = sourcecode.swift; path = Helper.swift; sourceTree = "<group>"; };
		EB99DF922A3B562100D34147 /* Extension + UIView.swift */ = {isa = PBXFileReference; lastKnownFileType = sourcecode.swift; path = "Extension + UIView.swift"; sourceTree = "<group>"; };
		EBADF9E22A73AA5D00C00378 /* AlertAction.swift */ = {isa = PBXFileReference; lastKnownFileType = sourcecode.swift; path = AlertAction.swift; sourceTree = "<group>"; };
		EBADF9E52A73CAD400C00378 /* Aircraft.swift */ = {isa = PBXFileReference; lastKnownFileType = sourcecode.swift; path = Aircraft.swift; sourceTree = "<group>"; };
		EBADF9EA2A73D6CA00C00378 /* Cloud.swift */ = {isa = PBXFileReference; lastKnownFileType = sourcecode.swift; path = Cloud.swift; sourceTree = "<group>"; };
		EBBCE7BF2A5B021C0081571B /* Exstension + UserDefaults.swift */ = {isa = PBXFileReference; lastKnownFileType = sourcecode.swift; path = "Exstension + UserDefaults.swift"; sourceTree = "<group>"; };
		EBEECD5C2A602F0000B58B20 /* RecordsViewController.swift */ = {isa = PBXFileReference; lastKnownFileType = sourcecode.swift; path = RecordsViewController.swift; sourceTree = "<group>"; };
		EBEECD602A6045B400B58B20 /* CustomTableViewCell.swift */ = {isa = PBXFileReference; lastKnownFileType = sourcecode.swift; path = CustomTableViewCell.swift; sourceTree = "<group>"; };
/* End PBXFileReference section */

/* Begin PBXFrameworksBuildPhase section */
		EB99DF282A3AE9F800D34147 /* Frameworks */ = {
			isa = PBXFrameworksBuildPhase;
			buildActionMask = 2147483647;
			files = (
				EB3E03D72A43493B00A9951D /* FirebaseCrashlytics in Frameworks */,
				EB3E03D32A43493B00A9951D /* FirebaseAnalytics in Frameworks */,
				EB3E03D52A43493B00A9951D /* FirebaseAuth in Frameworks */,
			);
			runOnlyForDeploymentPostprocessing = 0;
		};
/* End PBXFrameworksBuildPhase section */

/* Begin PBXGroup section */
		EB10F1E82A5DAD5500E1F609 /* CustomClassUserDefaults */ = {
			isa = PBXGroup;
			children = (
				EB10F1E62A5D9E2C00E1F609 /* CustomClass.swift */,
			);
			path = CustomClassUserDefaults;
			sourceTree = "<group>";
		};
		EB13336E2A543B2C0072F97A /* Controller */ = {
			isa = PBXGroup;
			children = (
				EB13336B2A543AB70072F97A /* MainViewController.swift */,
				EB99DF322A3AE9F800D34147 /* GameViewController.swift */,
				EBEECD5C2A602F0000B58B20 /* RecordsViewController.swift */,
				EB13336F2A5441450072F97A /* SetupViewController.swift */,
			);
			path = Controller;
			sourceTree = "<group>";
		};
		EB99DF222A3AE9F800D34147 = {
			isa = PBXGroup;
			children = (
				EB99DF2D2A3AE9F800D34147 /* FirstGraduateWork */,
				EB99DF2C2A3AE9F800D34147 /* Products */,
			);
			sourceTree = "<group>";
		};
		EB99DF2C2A3AE9F800D34147 /* Products */ = {
			isa = PBXGroup;
			children = (
				EB99DF2B2A3AE9F800D34147 /* AliensInvasion.app */,
			);
			name = Products;
			sourceTree = "<group>";
		};
		EB99DF2D2A3AE9F800D34147 /* FirstGraduateWork */ = {
			isa = PBXGroup;
			children = (
				EB99DF2E2A3AE9F800D34147 /* AppDelegate.swift */,
				EB99DF302A3AE9F800D34147 /* SceneDelegate.swift */,
				EB99DF462A3AF1F900D34147 /* Helper */,
				EBADF9E42A73AD0100C00378 /* Alert */,
				EBADF9E72A73D05E00C00378 /* View */,
				EB13336E2A543B2C0072F97A /* Controller */,
				EB10F1E82A5DAD5500E1F609 /* CustomClassUserDefaults */,
				EBEECD622A60501500B58B20 /* CustomCell */,
				EB99DF372A3AE9F900D34147 /* Assets.xcassets */,
				EB99DF392A3AE9F900D34147 /* LaunchScreen.storyboard */,
				8EA523BA2AA75E5B00B378A1 /* Info.plist */,
				8E95D6692AA74A6600D2A9C1 /* GoogleService-Info.plist */,
			);
			path = FirstGraduateWork;
			sourceTree = "<group>";
		};
		EB99DF462A3AF1F900D34147 /* Helper */ = {
			isa = PBXGroup;
			children = (
				EB99DF442A3AF1F400D34147 /* Helper.swift */,
				EB7BAC422A779E7B00224EDB /* Keys.swift */,
				EBBCE7BF2A5B021C0081571B /* Exstension + UserDefaults.swift */,
				EB6522EB2A5D4F6F00485C58 /* UIViewController + saveLoadImage.swift */,
				EB99DF922A3B562100D34147 /* Extension + UIView.swift */,
				EB5AC90D2A61ABFD006438AE /* Extension + ViewController.swift */,
			);
			path = Helper;
			sourceTree = "<group>";
		};
		EBADF9E42A73AD0100C00378 /* Alert */ = {
			isa = PBXGroup;
			children = (
				EBADF9E22A73AA5D00C00378 /* AlertAction.swift */,
			);
			path = Alert;
			sourceTree = "<group>";
		};
		EBADF9E72A73D05E00C00378 /* View */ = {
			isa = PBXGroup;
			children = (
				EBADF9E52A73CAD400C00378 /* Aircraft.swift */,
				EBADF9EA2A73D6CA00C00378 /* Cloud.swift */,
			);
			path = View;
			sourceTree = "<group>";
		};
		EBEECD622A60501500B58B20 /* CustomCell */ = {
			isa = PBXGroup;
			children = (
				EBEECD602A6045B400B58B20 /* CustomTableViewCell.swift */,
			);
			path = CustomCell;
			sourceTree = "<group>";
		};
/* End PBXGroup section */

/* Begin PBXNativeTarget section */
		EB99DF2A2A3AE9F800D34147 /* AliensInvasion */ = {
			isa = PBXNativeTarget;
			buildConfigurationList = EB99DF3F2A3AE9F900D34147 /* Build configuration list for PBXNativeTarget "AliensInvasion" */;
			buildPhases = (
				EB99DF272A3AE9F800D34147 /* Sources */,
				EB99DF282A3AE9F800D34147 /* Frameworks */,
				EB99DF292A3AE9F800D34147 /* Resources */,
				EB21EDF62A4DC310007E811D /* ShellScript */,
			);
			buildRules = (
			);
			dependencies = (
			);
			name = AliensInvasion;
			packageProductDependencies = (
				EB3E03D22A43493B00A9951D /* FirebaseAnalytics */,
				EB3E03D42A43493B00A9951D /* FirebaseAuth */,
				EB3E03D62A43493B00A9951D /* FirebaseCrashlytics */,
			);
			productName = FirstGraduateWork;
			productReference = EB99DF2B2A3AE9F800D34147 /* AliensInvasion.app */;
			productType = "com.apple.product-type.application";
		};
/* End PBXNativeTarget section */

/* Begin PBXProject section */
		EB99DF232A3AE9F800D34147 /* Project object */ = {
			isa = PBXProject;
			attributes = {
				BuildIndependentTargetsInParallel = 1;
				LastSwiftUpdateCheck = 1430;
				LastUpgradeCheck = 1430;
				TargetAttributes = {
					EB99DF2A2A3AE9F800D34147 = {
						CreatedOnToolsVersion = 14.3.1;
					};
				};
			};
			buildConfigurationList = EB99DF262A3AE9F800D34147 /* Build configuration list for PBXProject "AliensInvasion" */;
			compatibilityVersion = "Xcode 14.0";
			developmentRegion = en;
			hasScannedForEncodings = 0;
			knownRegions = (
				en,
				Base,
			);
			mainGroup = EB99DF222A3AE9F800D34147;
			packageReferences = (
				EB3E03D12A43493B00A9951D /* XCRemoteSwiftPackageReference "firebase-ios-sdk" */,
			);
			productRefGroup = EB99DF2C2A3AE9F800D34147 /* Products */;
			projectDirPath = "";
			projectRoot = "";
			targets = (
				EB99DF2A2A3AE9F800D34147 /* AliensInvasion */,
			);
		};
/* End PBXProject section */

/* Begin PBXResourcesBuildPhase section */
		EB99DF292A3AE9F800D34147 /* Resources */ = {
			isa = PBXResourcesBuildPhase;
			buildActionMask = 2147483647;
			files = (
				EB99DF3B2A3AE9F900D34147 /* LaunchScreen.storyboard in Resources */,
				EB99DF382A3AE9F900D34147 /* Assets.xcassets in Resources */,
				8E95D66A2AA74A6600D2A9C1 /* GoogleService-Info.plist in Resources */,
			);
			runOnlyForDeploymentPostprocessing = 0;
		};
/* End PBXResourcesBuildPhase section */

/* Begin PBXShellScriptBuildPhase section */
		EB21EDF62A4DC310007E811D /* ShellScript */ = {
			isa = PBXShellScriptBuildPhase;
			buildActionMask = 2147483647;
			files = (
			);
			inputFileListPaths = (
			);
			inputPaths = (
				"${DWARF_DSYM_FOLDER_PATH}/${DWARF_DSYM_FILE_NAME}/Contents/Resources/DWARF/${TARGET_NAME}",
				"$(SRCROOT)/$(BUILT_PRODUCTS_DIR)/$(INFOPLIST_PATH)",
			);
			outputFileListPaths = (
			);
			outputPaths = (
			);
			runOnlyForDeploymentPostprocessing = 0;
			shellPath = /bin/sh;
			shellScript = "# Type a script or drag a script file from your workspace to insert its path.\n";
		};
/* End PBXShellScriptBuildPhase section */

/* Begin PBXSourcesBuildPhase section */
		EB99DF272A3AE9F800D34147 /* Sources */ = {
			isa = PBXSourcesBuildPhase;
			buildActionMask = 2147483647;
			files = (
				EBADF9E32A73AA5D00C00378 /* AlertAction.swift in Sources */,
				EB7BAC432A779E7B00224EDB /* Keys.swift in Sources */,
				EB5AC90E2A61ABFD006438AE /* Extension + ViewController.swift in Sources */,
				EBADF9E62A73CAD400C00378 /* Aircraft.swift in Sources */,
				EBEECD5D2A602F0000B58B20 /* RecordsViewController.swift in Sources */,
				EB13336C2A543AB70072F97A /* MainViewController.swift in Sources */,
				EB99DF332A3AE9F800D34147 /* GameViewController.swift in Sources */,
				EB99DF2F2A3AE9F800D34147 /* AppDelegate.swift in Sources */,
				EB99DF452A3AF1F400D34147 /* Helper.swift in Sources */,
				EB1333702A5441450072F97A /* SetupViewController.swift in Sources */,
				EB6522EC2A5D4F6F00485C58 /* UIViewController + saveLoadImage.swift in Sources */,
				EB99DF312A3AE9F800D34147 /* SceneDelegate.swift in Sources */,
				EB10F1E72A5D9E2C00E1F609 /* CustomClass.swift in Sources */,
				EBBCE7C02A5B021C0081571B /* Exstension + UserDefaults.swift in Sources */,
				EBADF9EB2A73D6CB00C00378 /* Cloud.swift in Sources */,
				EB99DF932A3B562200D34147 /* Extension + UIView.swift in Sources */,
				EBEECD612A6045B400B58B20 /* CustomTableViewCell.swift in Sources */,
			);
			runOnlyForDeploymentPostprocessing = 0;
		};
/* End PBXSourcesBuildPhase section */

/* Begin PBXVariantGroup section */
		EB99DF392A3AE9F900D34147 /* LaunchScreen.storyboard */ = {
			isa = PBXVariantGroup;
			children = (
				EB99DF3A2A3AE9F900D34147 /* Base */,
			);
			name = LaunchScreen.storyboard;
			sourceTree = "<group>";
		};
/* End PBXVariantGroup section */

/* Begin XCBuildConfiguration section */
		EB99DF3D2A3AE9F900D34147 /* Debug */ = {
			isa = XCBuildConfiguration;
			buildSettings = {
				ALWAYS_SEARCH_USER_PATHS = NO;
				CLANG_ANALYZER_NONNULL = YES;
				CLANG_ANALYZER_NUMBER_OBJECT_CONVERSION = YES_AGGRESSIVE;
				CLANG_CXX_LANGUAGE_STANDARD = "gnu++20";
				CLANG_ENABLE_MODULES = YES;
				CLANG_ENABLE_OBJC_ARC = YES;
				CLANG_ENABLE_OBJC_WEAK = YES;
				CLANG_WARN_BLOCK_CAPTURE_AUTORELEASING = YES;
				CLANG_WARN_BOOL_CONVERSION = YES;
				CLANG_WARN_COMMA = YES;
				CLANG_WARN_CONSTANT_CONVERSION = YES;
				CLANG_WARN_DEPRECATED_OBJC_IMPLEMENTATIONS = YES;
				CLANG_WARN_DIRECT_OBJC_ISA_USAGE = YES_ERROR;
				CLANG_WARN_DOCUMENTATION_COMMENTS = YES;
				CLANG_WARN_EMPTY_BODY = YES;
				CLANG_WARN_ENUM_CONVERSION = YES;
				CLANG_WARN_INFINITE_RECURSION = YES;
				CLANG_WARN_INT_CONVERSION = YES;
				CLANG_WARN_NON_LITERAL_NULL_CONVERSION = YES;
				CLANG_WARN_OBJC_IMPLICIT_RETAIN_SELF = YES;
				CLANG_WARN_OBJC_LITERAL_CONVERSION = YES;
				CLANG_WARN_OBJC_ROOT_CLASS = YES_ERROR;
				CLANG_WARN_QUOTED_INCLUDE_IN_FRAMEWORK_HEADER = YES;
				CLANG_WARN_RANGE_LOOP_ANALYSIS = YES;
				CLANG_WARN_STRICT_PROTOTYPES = YES;
				CLANG_WARN_SUSPICIOUS_MOVE = YES;
				CLANG_WARN_UNGUARDED_AVAILABILITY = YES_AGGRESSIVE;
				CLANG_WARN_UNREACHABLE_CODE = YES;
				CLANG_WARN__DUPLICATE_METHOD_MATCH = YES;
				COPY_PHASE_STRIP = NO;
				DEBUG_INFORMATION_FORMAT = "dwarf-with-dsym";
				ENABLE_STRICT_OBJC_MSGSEND = YES;
				ENABLE_TESTABILITY = YES;
				GCC_C_LANGUAGE_STANDARD = gnu11;
				GCC_DYNAMIC_NO_PIC = NO;
				GCC_NO_COMMON_BLOCKS = YES;
				GCC_OPTIMIZATION_LEVEL = 0;
				GCC_PREPROCESSOR_DEFINITIONS = (
					"DEBUG=1",
					"$(inherited)",
				);
				GCC_WARN_64_TO_32_BIT_CONVERSION = YES;
				GCC_WARN_ABOUT_RETURN_TYPE = YES_ERROR;
				GCC_WARN_UNDECLARED_SELECTOR = YES;
				GCC_WARN_UNINITIALIZED_AUTOS = YES_AGGRESSIVE;
				GCC_WARN_UNUSED_FUNCTION = YES;
				GCC_WARN_UNUSED_VARIABLE = YES;
				IPHONEOS_DEPLOYMENT_TARGET = 16.4;
				MTL_ENABLE_DEBUG_INFO = INCLUDE_SOURCE;
				MTL_FAST_MATH = YES;
				ONLY_ACTIVE_ARCH = YES;
				SDKROOT = iphoneos;
				SWIFT_ACTIVE_COMPILATION_CONDITIONS = DEBUG;
				SWIFT_OPTIMIZATION_LEVEL = "-Onone";
			};
			name = Debug;
		};
		EB99DF3E2A3AE9F900D34147 /* Release */ = {
			isa = XCBuildConfiguration;
			buildSettings = {
				ALWAYS_SEARCH_USER_PATHS = NO;
				CLANG_ANALYZER_NONNULL = YES;
				CLANG_ANALYZER_NUMBER_OBJECT_CONVERSION = YES_AGGRESSIVE;
				CLANG_CXX_LANGUAGE_STANDARD = "gnu++20";
				CLANG_ENABLE_MODULES = YES;
				CLANG_ENABLE_OBJC_ARC = YES;
				CLANG_ENABLE_OBJC_WEAK = YES;
				CLANG_WARN_BLOCK_CAPTURE_AUTORELEASING = YES;
				CLANG_WARN_BOOL_CONVERSION = YES;
				CLANG_WARN_COMMA = YES;
				CLANG_WARN_CONSTANT_CONVERSION = YES;
				CLANG_WARN_DEPRECATED_OBJC_IMPLEMENTATIONS = YES;
				CLANG_WARN_DIRECT_OBJC_ISA_USAGE = YES_ERROR;
				CLANG_WARN_DOCUMENTATION_COMMENTS = YES;
				CLANG_WARN_EMPTY_BODY = YES;
				CLANG_WARN_ENUM_CONVERSION = YES;
				CLANG_WARN_INFINITE_RECURSION = YES;
				CLANG_WARN_INT_CONVERSION = YES;
				CLANG_WARN_NON_LITERAL_NULL_CONVERSION = YES;
				CLANG_WARN_OBJC_IMPLICIT_RETAIN_SELF = YES;
				CLANG_WARN_OBJC_LITERAL_CONVERSION = YES;
				CLANG_WARN_OBJC_ROOT_CLASS = YES_ERROR;
				CLANG_WARN_QUOTED_INCLUDE_IN_FRAMEWORK_HEADER = YES;
				CLANG_WARN_RANGE_LOOP_ANALYSIS = YES;
				CLANG_WARN_STRICT_PROTOTYPES = YES;
				CLANG_WARN_SUSPICIOUS_MOVE = YES;
				CLANG_WARN_UNGUARDED_AVAILABILITY = YES_AGGRESSIVE;
				CLANG_WARN_UNREACHABLE_CODE = YES;
				CLANG_WARN__DUPLICATE_METHOD_MATCH = YES;
				COPY_PHASE_STRIP = NO;
				DEBUG_INFORMATION_FORMAT = "dwarf-with-dsym";
				ENABLE_NS_ASSERTIONS = NO;
				ENABLE_STRICT_OBJC_MSGSEND = YES;
				GCC_C_LANGUAGE_STANDARD = gnu11;
				GCC_NO_COMMON_BLOCKS = YES;
				GCC_WARN_64_TO_32_BIT_CONVERSION = YES;
				GCC_WARN_ABOUT_RETURN_TYPE = YES_ERROR;
				GCC_WARN_UNDECLARED_SELECTOR = YES;
				GCC_WARN_UNINITIALIZED_AUTOS = YES_AGGRESSIVE;
				GCC_WARN_UNUSED_FUNCTION = YES;
				GCC_WARN_UNUSED_VARIABLE = YES;
				IPHONEOS_DEPLOYMENT_TARGET = 16.4;
				MTL_ENABLE_DEBUG_INFO = NO;
				MTL_FAST_MATH = YES;
				SDKROOT = iphoneos;
				SWIFT_COMPILATION_MODE = wholemodule;
				SWIFT_OPTIMIZATION_LEVEL = "-O";
				VALIDATE_PRODUCT = YES;
			};
			name = Release;
		};
		EB99DF402A3AE9F900D34147 /* Debug */ = {
			isa = XCBuildConfiguration;
			buildSettings = {
				ASSETCATALOG_COMPILER_APPICON_NAME = AppIcon;
				ASSETCATALOG_COMPILER_GLOBAL_ACCENT_COLOR_NAME = AccentColor;
				CODE_SIGN_STYLE = Automatic;
				CURRENT_PROJECT_VERSION = 1;
				DEVELOPMENT_TEAM = JVA85S2MQ8;
				GENERATE_INFOPLIST_FILE = YES;
				INFOPLIST_FILE = FirstGraduateWork/Info.plist;
				INFOPLIST_KEY_CFBundleDisplayName = "Aliens Invasion";
				INFOPLIST_KEY_LSApplicationCategoryType = "public.app-category.arcade-games";
				INFOPLIST_KEY_UIApplicationSupportsIndirectInputEvents = YES;
				INFOPLIST_KEY_UILaunchStoryboardName = LaunchScreen.storyboard;
				INFOPLIST_KEY_UISupportedInterfaceOrientations = UIInterfaceOrientationPortrait;
				INFOPLIST_KEY_UISupportedInterfaceOrientations_iPad = "UIInterfaceOrientationLandscapeLeft UIInterfaceOrientationLandscapeRight UIInterfaceOrientationPortrait UIInterfaceOrientationPortraitUpsideDown";
				IPHONEOS_DEPLOYMENT_TARGET = 14.4;
				LD_RUNPATH_SEARCH_PATHS = (
					"$(inherited)",
					"@executable_path/Frameworks",
				);
				MARKETING_VERSION = 1.0;
				PRODUCT_BUNDLE_IDENTIFIER = com.allmycalifornia.AliensInvasion;
				PRODUCT_NAME = "$(TARGET_NAME)";
				SUPPORTED_PLATFORMS = "iphoneos iphonesimulator";
				SUPPORTS_MACCATALYST = NO;
				SUPPORTS_MAC_DESIGNED_FOR_IPHONE_IPAD = NO;
				SWIFT_EMIT_LOC_STRINGS = YES;
				SWIFT_VERSION = 5.0;
				TARGETED_DEVICE_FAMILY = 1;
			};
			name = Debug;
		};
		EB99DF412A3AE9F900D34147 /* Release */ = {
			isa = XCBuildConfiguration;
			buildSettings = {
				ASSETCATALOG_COMPILER_APPICON_NAME = AppIcon;
				ASSETCATALOG_COMPILER_GLOBAL_ACCENT_COLOR_NAME = AccentColor;
				CODE_SIGN_STYLE = Automatic;
				CURRENT_PROJECT_VERSION = 1;
				DEVELOPMENT_TEAM = JVA85S2MQ8;
				GENERATE_INFOPLIST_FILE = YES;
				INFOPLIST_FILE = FirstGraduateWork/Info.plist;
				INFOPLIST_KEY_CFBundleDisplayName = "Aliens Invasion";
				INFOPLIST_KEY_LSApplicationCategoryType = "public.app-category.arcade-games";
				INFOPLIST_KEY_UIApplicationSupportsIndirectInputEvents = YES;
				INFOPLIST_KEY_UILaunchStoryboardName = LaunchScreen.storyboard;
				INFOPLIST_KEY_UISupportedInterfaceOrientations = UIInterfaceOrientationPortrait;
				INFOPLIST_KEY_UISupportedInterfaceOrientations_iPad = "UIInterfaceOrientationLandscapeLeft UIInterfaceOrientationLandscapeRight UIInterfaceOrientationPortrait UIInterfaceOrientationPortraitUpsideDown";
				IPHONEOS_DEPLOYMENT_TARGET = 14.4;
				LD_RUNPATH_SEARCH_PATHS = (
					"$(inherited)",
					"@executable_path/Frameworks",
				);
				MARKETING_VERSION = 1.0;
				PRODUCT_BUNDLE_IDENTIFIER = com.allmycalifornia.AliensInvasion;
				PRODUCT_NAME = "$(TARGET_NAME)";
				SUPPORTED_PLATFORMS = "iphoneos iphonesimulator";
				SUPPORTS_MACCATALYST = NO;
				SUPPORTS_MAC_DESIGNED_FOR_IPHONE_IPAD = NO;
				SWIFT_EMIT_LOC_STRINGS = YES;
				SWIFT_VERSION = 5.0;
				TARGETED_DEVICE_FAMILY = 1;
			};
			name = Release;
		};
/* End XCBuildConfiguration section */

/* Begin XCConfigurationList section */
		EB99DF262A3AE9F800D34147 /* Build configuration list for PBXProject "AliensInvasion" */ = {
			isa = XCConfigurationList;
			buildConfigurations = (
				EB99DF3D2A3AE9F900D34147 /* Debug */,
				EB99DF3E2A3AE9F900D34147 /* Release */,
			);
			defaultConfigurationIsVisible = 0;
			defaultConfigurationName = Release;
		};
		EB99DF3F2A3AE9F900D34147 /* Build configuration list for PBXNativeTarget "AliensInvasion" */ = {
			isa = XCConfigurationList;
			buildConfigurations = (
				EB99DF402A3AE9F900D34147 /* Debug */,
				EB99DF412A3AE9F900D34147 /* Release */,
			);
			defaultConfigurationIsVisible = 0;
			defaultConfigurationName = Release;
		};
/* End XCConfigurationList section */

/* Begin XCRemoteSwiftPackageReference section */
		EB3E03D12A43493B00A9951D /* XCRemoteSwiftPackageReference "firebase-ios-sdk" */ = {
			isa = XCRemoteSwiftPackageReference;
			repositoryURL = "https://github.com/firebase/firebase-ios-sdk";
			requirement = {
				kind = exactVersion;
				version = 10.11.0;
			};
		};
/* End XCRemoteSwiftPackageReference section */

/* Begin XCSwiftPackageProductDependency section */
		EB3E03D22A43493B00A9951D /* FirebaseAnalytics */ = {
			isa = XCSwiftPackageProductDependency;
			package = EB3E03D12A43493B00A9951D /* XCRemoteSwiftPackageReference "firebase-ios-sdk" */;
			productName = FirebaseAnalytics;
		};
		EB3E03D42A43493B00A9951D /* FirebaseAuth */ = {
			isa = XCSwiftPackageProductDependency;
			package = EB3E03D12A43493B00A9951D /* XCRemoteSwiftPackageReference "firebase-ios-sdk" */;
			productName = FirebaseAuth;
		};
		EB3E03D62A43493B00A9951D /* FirebaseCrashlytics */ = {
			isa = XCSwiftPackageProductDependency;
			package = EB3E03D12A43493B00A9951D /* XCRemoteSwiftPackageReference "firebase-ios-sdk" */;
			productName = FirebaseCrashlytics;
		};
/* End XCSwiftPackageProductDependency section */
	};
	rootObject = EB99DF232A3AE9F800D34147 /* Project object */;
}
